
Microsoft Visual Studio Solution File, Format Version 12.00
# Visual Studio 15
VisualStudioVersion = 15.0.28307.779
MinimumVisualStudioVersion = 10.0.40219.1
Project("{9A19103F-16F7-4668-BE54-9A1E7A4F7556}") = "Study", "Study\Study.csproj", "{51CD3E1A-E67C-479A-9BB6-64A1427F03A2}"
EndProject
Project("{9A19103F-16F7-4668-BE54-9A1E7A4F7556}") = "Study.Test", "Study.Test\Study.Test.csproj", "{8FC8877F-E711-4169-B77A-0AF943E84E86}"
EndProject
Project("{9A19103F-16F7-4668-BE54-9A1E7A4F7556}") = "AkkaClientMultiPort", "AkkaClientMultiPort\AkkaClientMultiPort.csproj", "{9994F206-F50E-4A87-8EEC-629576B2A3EF}"
EndProject
Project("{9A19103F-16F7-4668-BE54-9A1E7A4F7556}") = "AkkaServerMultiPort", "AkkaServerMultiPort\AkkaServerMultiPort.csproj", "{BF82C6DA-E7C2-4FAA-B0DD-A0F42C75A74B}"
EndProject
Project("{FAE04EC0-301F-11D3-BF4B-00C04F79EFBC}") = "AkkaServerMultiActorSinglePort", "AkkaServerMultiActorSinglePort\AkkaServerMultiActorSinglePort.csproj", "{F3246E65-99AE-4C45-B088-A7641D22A772}"
EndProject
Project("{FAE04EC0-301F-11D3-BF4B-00C04F79EFBC}") = "AkkaClientMultiActorSinglePort", "AkkaClientMultiActorSinglePort\AkkaClientMultiActorSinglePort.csproj", "{6D30D762-C1D5-4CBC-BB6C-D40D6364F88F}"
EndProject
Global
	GlobalSection(SolutionConfigurationPlatforms) = preSolution
		Debug|Any CPU = Debug|Any CPU
		Release|Any CPU = Release|Any CPU
	EndGlobalSection
	GlobalSection(ProjectConfigurationPlatforms) = postSolution
		{51CD3E1A-E67C-479A-9BB6-64A1427F03A2}.Debug|Any CPU.ActiveCfg = Debug|Any CPU
		{51CD3E1A-E67C-479A-9BB6-64A1427F03A2}.Debug|Any CPU.Build.0 = Debug|Any CPU
		{51CD3E1A-E67C-479A-9BB6-64A1427F03A2}.Release|Any CPU.ActiveCfg = Release|Any CPU
		{51CD3E1A-E67C-479A-9BB6-64A1427F03A2}.Release|Any CPU.Build.0 = Release|Any CPU
		{8FC8877F-E711-4169-B77A-0AF943E84E86}.Debug|Any CPU.ActiveCfg = Debug|Any CPU
		{8FC8877F-E711-4169-B77A-0AF943E84E86}.Debug|Any CPU.Build.0 = Debug|Any CPU
		{8FC8877F-E711-4169-B77A-0AF943E84E86}.Release|Any CPU.ActiveCfg = Release|Any CPU
		{8FC8877F-E711-4169-B77A-0AF943E84E86}.Release|Any CPU.Build.0 = Release|Any CPU
		{9994F206-F50E-4A87-8EEC-629576B2A3EF}.Debug|Any CPU.ActiveCfg = Debug|Any CPU
		{9994F206-F50E-4A87-8EEC-629576B2A3EF}.Debug|Any CPU.Build.0 = Debug|Any CPU
		{9994F206-F50E-4A87-8EEC-629576B2A3EF}.Release|Any CPU.ActiveCfg = Release|Any CPU
		{9994F206-F50E-4A87-8EEC-629576B2A3EF}.Release|Any CPU.Build.0 = Release|Any CPU
		{BF82C6DA-E7C2-4FAA-B0DD-A0F42C75A74B}.Debug|Any CPU.ActiveCfg = Debug|Any CPU
		{BF82C6DA-E7C2-4FAA-B0DD-A0F42C75A74B}.Debug|Any CPU.Build.0 = Debug|Any CPU
		{BF82C6DA-E7C2-4FAA-B0DD-A0F42C75A74B}.Release|Any CPU.ActiveCfg = Release|Any CPU
		{BF82C6DA-E7C2-4FAA-B0DD-A0F42C75A74B}.Release|Any CPU.Build.0 = Release|Any CPU
		{F3246E65-99AE-4C45-B088-A7641D22A772}.Debug|Any CPU.ActiveCfg = Debug|Any CPU
		{F3246E65-99AE-4C45-B088-A7641D22A772}.Debug|Any CPU.Build.0 = Debug|Any CPU
		{F3246E65-99AE-4C45-B088-A7641D22A772}.Release|Any CPU.ActiveCfg = Release|Any CPU
		{F3246E65-99AE-4C45-B088-A7641D22A772}.Release|Any CPU.Build.0 = Release|Any CPU
		{6D30D762-C1D5-4CBC-BB6C-D40D6364F88F}.Debug|Any CPU.ActiveCfg = Debug|Any CPU
		{6D30D762-C1D5-4CBC-BB6C-D40D6364F88F}.Debug|Any CPU.Build.0 = Debug|Any CPU
		{6D30D762-C1D5-4CBC-BB6C-D40D6364F88F}.Release|Any CPU.ActiveCfg = Release|Any CPU
		{6D30D762-C1D5-4CBC-BB6C-D40D6364F88F}.Release|Any CPU.Build.0 = Release|Any CPU
	EndGlobalSection
	GlobalSection(SolutionProperties) = preSolution
		HideSolutionNode = FALSE
	EndGlobalSection
	GlobalSection(ExtensibilityGlobals) = postSolution
		SolutionGuid = {E623D9F2-BD6E-4083-B776-A81546391248}
	EndGlobalSection
EndGlobal
